
Microsoft Visual Studio Solution File, Format Version 12.00
# Visual Studio Version 17
VisualStudioVersion = 17.1.32421.90
MinimumVisualStudioVersion = 10.0.40219.1
Project("{2150E333-8FDC-42A3-9474-1A3956D46DE8}") = "Vendedores", "Vendedores", "{38C196CA-2AD2-4B1A-B954-C3B3CF4CA3A8}"
EndProject
Project("{9A19103F-16F7-4668-BE54-9A1E7A4F7556}") = "Vendedores.Application", "Vendedores\Vendedores.Application\Vendedores.Application.csproj", "{0FE46DA5-0823-4112-B55C-DCCF60D7CB84}"
EndProject
Project("{9A19103F-16F7-4668-BE54-9A1E7A4F7556}") = "Vendedores.Domain", "Vendedores\Vendedores.Domain\Vendedores.Domain.csproj", "{A6A01BA5-3A0D-4991-BD85-D9D7453F10DA}"
EndProject
Project("{9A19103F-16F7-4668-BE54-9A1E7A4F7556}") = "Vendedores.Data", "Vendedores\Vendedores.Data\Vendedores.Data.csproj", "{60607A39-C357-4E91-9ACE-54F13AF3FC8C}"
EndProject
Project("{9A19103F-16F7-4668-BE54-9A1E7A4F7556}") = "Vendedores.API", "Vendedores\Vendedores.API\Vendedores.API.csproj", "{4910BB69-490C-416C-A7BB-595142C15A03}"
EndProject
Global
	GlobalSection(SolutionConfigurationPlatforms) = preSolution
		Debug|Any CPU = Debug|Any CPU
		Migrations|Any CPU = Migrations|Any CPU
		Release|Any CPU = Release|Any CPU
	EndGlobalSection
	GlobalSection(ProjectConfigurationPlatforms) = postSolution
		{0FE46DA5-0823-4112-B55C-DCCF60D7CB84}.Debug|Any CPU.ActiveCfg = Debug|Any CPU
		{0FE46DA5-0823-4112-B55C-DCCF60D7CB84}.Debug|Any CPU.Build.0 = Debug|Any CPU
		{0FE46DA5-0823-4112-B55C-DCCF60D7CB84}.Migrations|Any CPU.ActiveCfg = Migrations|Any CPU
		{0FE46DA5-0823-4112-B55C-DCCF60D7CB84}.Migrations|Any CPU.Build.0 = Migrations|Any CPU
		{0FE46DA5-0823-4112-B55C-DCCF60D7CB84}.Release|Any CPU.ActiveCfg = Release|Any CPU
		{0FE46DA5-0823-4112-B55C-DCCF60D7CB84}.Release|Any CPU.Build.0 = Release|Any CPU
		{A6A01BA5-3A0D-4991-BD85-D9D7453F10DA}.Debug|Any CPU.ActiveCfg = Debug|Any CPU
		{A6A01BA5-3A0D-4991-BD85-D9D7453F10DA}.Debug|Any CPU.Build.0 = Debug|Any CPU
		{A6A01BA5-3A0D-4991-BD85-D9D7453F10DA}.Migrations|Any CPU.ActiveCfg = Migrations|Any CPU
		{A6A01BA5-3A0D-4991-BD85-D9D7453F10DA}.Migrations|Any CPU.Build.0 = Migrations|Any CPU
		{A6A01BA5-3A0D-4991-BD85-D9D7453F10DA}.Release|Any CPU.ActiveCfg = Release|Any CPU
		{A6A01BA5-3A0D-4991-BD85-D9D7453F10DA}.Release|Any CPU.Build.0 = Release|Any CPU
		{60607A39-C357-4E91-9ACE-54F13AF3FC8C}.Debug|Any CPU.ActiveCfg = Debug|Any CPU
		{60607A39-C357-4E91-9ACE-54F13AF3FC8C}.Debug|Any CPU.Build.0 = Debug|Any CPU
		{60607A39-C357-4E91-9ACE-54F13AF3FC8C}.Migrations|Any CPU.ActiveCfg = Migrations|Any CPU
		{60607A39-C357-4E91-9ACE-54F13AF3FC8C}.Migrations|Any CPU.Build.0 = Migrations|Any CPU
		{60607A39-C357-4E91-9ACE-54F13AF3FC8C}.Release|Any CPU.ActiveCfg = Release|Any CPU
		{60607A39-C357-4E91-9ACE-54F13AF3FC8C}.Release|Any CPU.Build.0 = Release|Any CPU
		{4910BB69-490C-416C-A7BB-595142C15A03}.Debug|Any CPU.ActiveCfg = Debug|Any CPU
		{4910BB69-490C-416C-A7BB-595142C15A03}.Debug|Any CPU.Build.0 = Debug|Any CPU
		{4910BB69-490C-416C-A7BB-595142C15A03}.Migrations|Any CPU.ActiveCfg = Migrations|Any CPU
		{4910BB69-490C-416C-A7BB-595142C15A03}.Migrations|Any CPU.Build.0 = Migrations|Any CPU
		{4910BB69-490C-416C-A7BB-595142C15A03}.Release|Any CPU.ActiveCfg = Release|Any CPU
		{4910BB69-490C-416C-A7BB-595142C15A03}.Release|Any CPU.Build.0 = Release|Any CPU
	EndGlobalSection
	GlobalSection(SolutionProperties) = preSolution
		HideSolutionNode = FALSE
	EndGlobalSection
	GlobalSection(NestedProjects) = preSolution
		{0FE46DA5-0823-4112-B55C-DCCF60D7CB84} = {38C196CA-2AD2-4B1A-B954-C3B3CF4CA3A8}
		{A6A01BA5-3A0D-4991-BD85-D9D7453F10DA} = {38C196CA-2AD2-4B1A-B954-C3B3CF4CA3A8}
		{60607A39-C357-4E91-9ACE-54F13AF3FC8C} = {38C196CA-2AD2-4B1A-B954-C3B3CF4CA3A8}
		{4910BB69-490C-416C-A7BB-595142C15A03} = {38C196CA-2AD2-4B1A-B954-C3B3CF4CA3A8}
	EndGlobalSection
	GlobalSection(ExtensibilityGlobals) = postSolution
		SolutionGuid = {F5CCCA41-B4F3-46A8-92AB-49D3C9964E2E}
	EndGlobalSection
EndGlobal
