
Microsoft Visual Studio Solution File, Format Version 12.00
# Visual Studio Version 17
VisualStudioVersion = 17.1.32421.90
MinimumVisualStudioVersion = 10.0.40219.1
Project("{FAE04EC0-301F-11D3-BF4B-00C04F79EFBC}") = "IdadeEmDias", "IdadeEmDias\IdadeEmDias.csproj", "{58596A5F-15F8-46EC-96AB-2611A13A53E2}"
EndProject
Global
	GlobalSection(SolutionConfigurationPlatforms) = preSolution
		Debug|Any CPU = Debug|Any CPU
		Release|Any CPU = Release|Any CPU
	EndGlobalSection
	GlobalSection(ProjectConfigurationPlatforms) = postSolution
		{58596A5F-15F8-46EC-96AB-2611A13A53E2}.Debug|Any CPU.ActiveCfg = Debug|Any CPU
		{58596A5F-15F8-46EC-96AB-2611A13A53E2}.Debug|Any CPU.Build.0 = Debug|Any CPU
		{58596A5F-15F8-46EC-96AB-2611A13A53E2}.Release|Any CPU.ActiveCfg = Release|Any CPU
		{58596A5F-15F8-46EC-96AB-2611A13A53E2}.Release|Any CPU.Build.0 = Release|Any CPU
	EndGlobalSection
	GlobalSection(SolutionProperties) = preSolution
		HideSolutionNode = FALSE
	EndGlobalSection
	GlobalSection(ExtensibilityGlobals) = postSolution
		SolutionGuid = {B833CE8C-CF6A-4F1D-A2BE-0131A0BD73C3}
	EndGlobalSection
EndGlobal
