
Microsoft Visual Studio Solution File, Format Version 12.00
# Visual Studio Version 17
VisualStudioVersion = 17.1.32421.90
MinimumVisualStudioVersion = 10.0.40219.1
Project("{FAE04EC0-301F-11D3-BF4B-00C04F79EFBC}") = "SalarioComBonus", "SalarioComBonus\SalarioComBonus.csproj", "{1DE4EC87-D3F6-4C34-83C5-1747DDF22C7B}"
EndProject
Global
	GlobalSection(SolutionConfigurationPlatforms) = preSolution
		Debug|Any CPU = Debug|Any CPU
		Release|Any CPU = Release|Any CPU
	EndGlobalSection
	GlobalSection(ProjectConfigurationPlatforms) = postSolution
		{1DE4EC87-D3F6-4C34-83C5-1747DDF22C7B}.Debug|Any CPU.ActiveCfg = Debug|Any CPU
		{1DE4EC87-D3F6-4C34-83C5-1747DDF22C7B}.Debug|Any CPU.Build.0 = Debug|Any CPU
		{1DE4EC87-D3F6-4C34-83C5-1747DDF22C7B}.Release|Any CPU.ActiveCfg = Release|Any CPU
		{1DE4EC87-D3F6-4C34-83C5-1747DDF22C7B}.Release|Any CPU.Build.0 = Release|Any CPU
	EndGlobalSection
	GlobalSection(SolutionProperties) = preSolution
		HideSolutionNode = FALSE
	EndGlobalSection
	GlobalSection(ExtensibilityGlobals) = postSolution
		SolutionGuid = {84F8116C-AD89-4161-BBDA-BE8D62385CDF}
	EndGlobalSection
EndGlobal
